{
    "_meta": {
        "hash": {
            "sha256": "d13180dcf1c839a30de7aadfcc71dd6cddcfcbbd25ad673043734890d3cc4b25"
        },
        "pipfile-spec": 6,
        "requires": {
            "python_version": "3.7"
        },
        "sources": [
            {
                "name": "pypi",
                "url": "https://pypi.org/simple",
                "verify_ssl": true
            }
        ]
    },
    "default": {
        "aiohttp": {
            "hashes": [
                "sha256:1e984191d1ec186881ffaed4581092ba04f7c61582a177b187d3a2f07ed9719e",
                "sha256:259ab809ff0727d0e834ac5e8a283dc5e3e0ecc30c4d80b3cd17a4139ce1f326",
                "sha256:2f4d1a4fdce595c947162333353d4a44952a724fba9ca3205a3df99a33d1307a",
                "sha256:32e5f3b7e511aa850829fbe5aa32eb455e5534eaa4b1ce93231d00e2f76e5654",
                "sha256:344c780466b73095a72c616fac5ea9c4665add7fc129f285fbdbca3cccf4612a",
                "sha256:460bd4237d2dbecc3b5ed57e122992f60188afe46e7319116da5eb8a9dfedba4",
                "sha256:4c6efd824d44ae697814a2a85604d8e992b875462c6655da161ff18fd4f29f17",
                "sha256:50aaad128e6ac62e7bf7bd1f0c0a24bc968a0c0590a726d5a955af193544bcec",
                "sha256:6206a135d072f88da3e71cc501c59d5abffa9d0bb43269a6dcd28d66bfafdbdd",
                "sha256:65f31b622af739a802ca6fd1a3076fd0ae523f8485c52924a89561ba10c49b48",
                "sha256:ae55bac364c405caa23a4f2d6cfecc6a0daada500274ffca4a9230e7129eac59",
                "sha256:b778ce0c909a2653741cb4b1ac7015b5c130ab9c897611df43ae6a58523cb965"
            ],
            "index": "pypi",
            "version": "==3.6.2"
        },
        "aioice": {
            "hashes": [
                "sha256:962192aa29c2bec1f1fdd86b58a431efe355394c86fad09beddc7094cd3d09ef",
                "sha256:c6ab906e4c71b91d89daf0bb161ed1b3cf0e8e9803f47cb7fe2ff2c942a0e428"
            ],
            "version": "==0.6.18"
        },
        "aiortc": {
            "hashes": [
                "sha256:1a8053f936e3d55c911b2997a0bb294bceaf86bdfb3ad7f480618c2bc62966ab",
                "sha256:1fcf1de4b37620b53feab3963908dd443492deefb364aee8144455b837f18880",
                "sha256:23d7c639cc1acbea294f44e0d989eae1e8f5250ca5f38eb93b87562fb4f88661",
                "sha256:257a3dfa2c9232e05ae72d1c2b8ccaa7f0e6810abef726d07379b0ce10f040fa",
                "sha256:356865887efeb5eb029280b1f9e3fb4dc72a34b986eca019ec644d98e7db284b",
                "sha256:376d3fdf734594486ae617aae90ccab376b6ffad21dff608500892657d5d3c8d",
                "sha256:3f95d207456ee8c1fed0b8ef1d4e840cec55ef0a36ba731b49bc2981453ee1f1",
                "sha256:4815c0428fa4683c5bfb47442bf11db10809d33aa951f787901771b04650eda3",
                "sha256:4a41122e043a75c93a80dbb6d884b6f7cf27b774ebdef226d819a2c3a997c550",
                "sha256:4e4ebd9dd573839dbff5dd46747ab5b8a86951ca601decac792de4abe234d957",
                "sha256:58cd6aa2ca75b7b90349e807740be2452b2e8903bd292506f7ac7f99a0f3ea58",
                "sha256:5a1de7286eabd4795e132005aa23065596465c069ec692933a991478571a6c8f",
                "sha256:5eeea3342fd6cf418aaca9322f834e1e46e6dd3e44a10f73c7c0df1fb57f8a49",
                "sha256:7e2d69dadb78a979e75c09a834c9d0555449a1b2868aeb939779a82e33c8e668",
                "sha256:81c9e96fb8f22c5ef076b2cd2a4cff82dfa0e6e8b0c4e221fe6167238c44f280",
                "sha256:8591cb8536ec9e3585f56d582ce93c5ed3e3def2cfe8e37288587c38e3765dbc",
                "sha256:8a1c45bc83130727cdaae4cf4ec363825ff49257b4c571561f57e9d65d8c77ea",
                "sha256:901af1c71ee707cd66f5cc5ef24566323a7a384429aa69390d746a2401ca9890",
                "sha256:c0ae31458dfd648da187fdb761ac45e62f5c77941a005b7ca9249b7465d106ea",
                "sha256:c383e9c702ea0a5e94f267a49124c938a9dc9accaf24e3276af4538a9bf89c27",
                "sha256:c5451cdacf941f31c8b01756fd4eb0d55c2aa1139c4b6f90ec687ae8bc5d7f53",
                "sha256:c9f2169d65988ebea7ba0386e78540147071599d965d70582511b0c9b64264a6",
                "sha256:d04c8b9bbd653352d65a99ec8211c22a4e3c4cceda806214f4e50e114d6b0800",
                "sha256:d535ace3f7eaa839b5dafe1c05592b2ef8c0fba7a07f2b4af7ff68f6e2e1a481",
                "sha256:d7de192a5b60f2ab94a5d39d4087e885e1b9bbb608f8c634cae95d9dcb75f509",
                "sha256:f0e7d04aa825937a5ad68800ed5a467fd218ca779e740bdcda9902ee65ac8172"
            ],
            "index": "pypi",
            "version": "==0.9.28"
        },
        "async-timeout": {
            "hashes": [
                "sha256:0c3c816a028d47f659d6ff5c745cb2acf1f966da1fe5c19c77a70282b25f4c5f",
                "sha256:4291ca197d287d274d0b6cb5d6f8f8f82d434ed288f962539ff18cc9012f9ea3"
            ],
            "markers": "python_full_version >= '3.5.3'",
            "version": "==3.0.1"
        },
        "attrs": {
            "hashes": [
                "sha256:08a96c641c3a74e44eb59afb61a24f2cb9f4d7188748e76ba4bb5edfa3cb7d1c",
                "sha256:f7b7ce16570fe9965acd6d30101a28f62fb4a7f9e926b3bbc9b61f8b04247e72"
            ],
            "markers": "python_version >= '2.7' and python_version not in '3.0, 3.1, 3.2, 3.3'",
            "version": "==19.3.0"
        },
        "av": {
            "hashes": [
                "sha256:07b342d96c7143819d84c2019a070266ea762949d08bb7f49024d73b12d14051",
                "sha256:11496264d0696b115d60f191b437b3c13784c2d14dc00632ccc14905bfd32017",
                "sha256:2d28400330572ca8491daf1ca747ceff96ab8b305a77c52bb1fbdf1f877a9837",
                "sha256:313a7142805cc6cb3992c3c16618871b10e608b5a7d496766771e1eee92ae4e6",
                "sha256:3268eec526c5b2f22cde3e9c4615edf599e2e646792343634eeec226dc2605f5",
                "sha256:38745b15117cef944705a79549f683df023d5e0f1c8ff097f9c595193c035ea2",
                "sha256:3a21bf80804d2a494055d2ab204f126c5b1fe408dc9151bf1cbc4f1d0de608e6",
                "sha256:3d1b7047be6bd7a0161ee928c0949f1398784bab6b2acd6113950a755abd03c3",
                "sha256:41a5e2677cc729060c6ad53729df5ea8a6cdec35eb9b879d92c5935209be95ef",
                "sha256:49e7322fdcaa08fa1d43150eee96278f5b5d0e1542f3e0400affcdd11b6b75bc",
                "sha256:619aeb9c1484dd69b2085da39128a16205a2c1581303310a7c826353461a9ab1",
                "sha256:641d18c76bae1a038dfe35abf656edbb10743fe27fdc2b6552ffa2e0089c0a4f",
                "sha256:6c12c1f99c835e964c007f1ab921839a1b5ba2283259e7feb4d6f54b3fe817e0",
                "sha256:79b398f752ff31f89f9900659eda538210c14699719617b30bfb1cadc6558ec1",
                "sha256:83e0856fe8c238b5fa612b0781b4a28fec5363daddae9181b449b5392a446802",
                "sha256:9c56087c9753d66536999a09c3afc35757ee6db021a1b232e5fc6c09ecce783a",
                "sha256:a27ff4bf8db6a064a8ac12fc5a303ca801cef27babcf6f56290b073164d6ddbb",
                "sha256:a3bba6bf68766b8a1a057f28869c7078cf0a1ec3207c7788c2ce8fe6f6bd8267",
                "sha256:d37ca5c78d206394380e2d7e7b40631c0b7264a84b2494fdbfa867740af30480",
                "sha256:de8d8d138da02504afc7e1923fab772e6415becad3d23259186abfcc5b741458",
                "sha256:e85232e52ddf3c601deb9aacb5ff65818186c2ee88efa0ea65e45d98a9e64b4b",
                "sha256:fe103c741ee517f840f880f7f2c4863dec21a21403514ca2faeeba5b32798594",
                "sha256:ff8d1c0f5fb16e3f8069f1be5648b415ef98c964a8db1aead1dce5ef2fedaa24"
            ],
            "index": "pypi",
            "version": "==8.0.2"
        },
        "certifi": {
            "hashes": [
                "sha256:5930595817496dd21bb8dc35dad090f1c2cd0adfaf21204bf6732ca5d8ee34d3",
                "sha256:8fc0819f1f30ba15bdb34cceffb9ef04d99f420f68eb75d901e9560b8749fc41"
            ],
            "version": "==2020.6.20"
        },
        "cffi": {
            "hashes": [
                "sha256:0da50dcbccd7cb7e6c741ab7912b2eff48e85af217d72b57f80ebc616257125e",
                "sha256:12a453e03124069b6896107ee133ae3ab04c624bb10683e1ed1c1663df17c13c",
                "sha256:15419020b0e812b40d96ec9d369b2bc8109cc3295eac6e013d3261343580cc7e",
                "sha256:15a5f59a4808f82d8ec7364cbace851df591c2d43bc76bcbe5c4543a7ddd1bf1",
                "sha256:23e44937d7695c27c66a54d793dd4b45889a81b35c0751ba91040fe825ec59c4",
                "sha256:29c4688ace466a365b85a51dcc5e3c853c1d283f293dfcc12f7a77e498f160d2",
                "sha256:57214fa5430399dffd54f4be37b56fe22cedb2b98862550d43cc085fb698dc2c",
                "sha256:577791f948d34d569acb2d1add5831731c59d5a0c50a6d9f629ae1cefd9ca4a0",
                "sha256:6539314d84c4d36f28d73adc1b45e9f4ee2a89cdc7e5d2b0a6dbacba31906798",
                "sha256:65867d63f0fd1b500fa343d7798fa64e9e681b594e0a07dc934c13e76ee28fb1",
                "sha256:672b539db20fef6b03d6f7a14b5825d57c98e4026401fce838849f8de73fe4d4",
                "sha256:6843db0343e12e3f52cc58430ad559d850a53684f5b352540ca3f1bc56df0731",
                "sha256:7057613efefd36cacabbdbcef010e0a9c20a88fc07eb3e616019ea1692fa5df4",
                "sha256:76ada88d62eb24de7051c5157a1a78fd853cca9b91c0713c2e973e4196271d0c",
                "sha256:837398c2ec00228679513802e3744d1e8e3cb1204aa6ad408b6aff081e99a487",
                "sha256:8662aabfeab00cea149a3d1c2999b0731e70c6b5bac596d95d13f643e76d3d4e",
                "sha256:95e9094162fa712f18b4f60896e34b621df99147c2cee216cfa8f022294e8e9f",
                "sha256:99cc66b33c418cd579c0f03b77b94263c305c389cb0c6972dac420f24b3bf123",
                "sha256:9b219511d8b64d3fa14261963933be34028ea0e57455baf6781fe399c2c3206c",
                "sha256:ae8f34d50af2c2154035984b8b5fc5d9ed63f32fe615646ab435b05b132ca91b",
                "sha256:b9aa9d8818c2e917fa2c105ad538e222a5bce59777133840b93134022a7ce650",
                "sha256:bf44a9a0141a082e89c90e8d785b212a872db793a0080c20f6ae6e2a0ebf82ad",
                "sha256:c0b48b98d79cf795b0916c57bebbc6d16bb43b9fc9b8c9f57f4cf05881904c75",
                "sha256:da9d3c506f43e220336433dffe643fbfa40096d408cb9b7f2477892f369d5f82",
                "sha256:e4082d832e36e7f9b2278bc774886ca8207346b99f278e54c9de4834f17232f7",
                "sha256:e4b9b7af398c32e408c00eb4e0d33ced2f9121fd9fb978e6c1b57edd014a7d15",
                "sha256:e613514a82539fc48291d01933951a13ae93b6b444a88782480be32245ed4afa",
                "sha256:f5033952def24172e60493b68717792e3aebb387a8d186c43c020d9363ee7281"
            ],
            "version": "==1.14.2"
        },
        "chardet": {
            "hashes": [
                "sha256:84ab92ed1c4d4f16916e05906b6b75a6c0fb5db821cc65e70cbd64a3e2a5eaae",
                "sha256:fc323ffcaeaed0e0a02bf4d117757b98aed530d9ed4531e3e15460124c106691"
            ],
            "version": "==3.0.4"
        },
        "crc32c": {
            "hashes": [
                "sha256:045472d998cc4203f1477c584cc64a0e8639fb934ddc4f48db0a435bd819d7e7",
                "sha256:083a1a6feefa084cf55d3758db7a561d2f72f87b27d30681d4dca946f9b41846",
                "sha256:0a57cb6923d69c08192582b61ceccd2f83b6e0656442aeffe1c0b0842c3b6dcf",
                "sha256:0dcf3730fdab414ac71cfdf389b19be8d0f209c310abc0df27cb49000fb06ec3",
                "sha256:15b28834a43240c44b0af094dfb7fca0d1b276cc6736cda69fef8487a91e932e",
                "sha256:1780b69322a39b55426977bf122b3015d70ba4345aad5ee5bc9ff08ed84e0779",
                "sha256:1f4c059efb7b66a9e19b15b4ca8c2c185125fc38fc93cbdec806d85061818c87",
                "sha256:249cfcf6ad5484f5a61727c8b915e44624844abc3f849e875f422a7cb720c231",
                "sha256:2d6187bcea0ef4e9607234179b140bc0f6b586dc931292bb9136473c2212f201",
                "sha256:2eab162f2929733433b014659e277f8ee6d3486d03d2e9654a063a00cb33fae2",
                "sha256:35d6b5bdd8f74be9a5b445f7ddf5c010659203559b9feb7531f7d4435cfedfd7",
                "sha256:42574fd5cb19fbcaa381091bdf5c7b0f047a50576ab27da0e6af60820a4a3a0d",
                "sha256:483d949b1cafb4314ec2ac319d713680bf3614f36b75ef7f90cf1b30fa55f6ae",
                "sha256:4aa54c0c7bcf09992b348939da77729bbf69ec20ea2c2bed5b323c8d12a39a3c",
                "sha256:4ca2dc419573f9701d32bd08655004f41e7619c69e13907e88ecb2160b4432bf",
                "sha256:52a33a736f184bccfd0a02766d5235320712a4566d5ae19f04271741cbee86d4",
                "sha256:5747fcd68760fca14b2a3907313bf833670420391f506124a731054ba3e5ba00",
                "sha256:58413d881ee7a1d12f9132d90891803348ccb1fa5c241c666511e14bd5b18745",
                "sha256:63aeda0c3ec2b61f5f02293c4f21664b825c2b872eb20b79f2e594fdb2d043ab",
                "sha256:65dc5be27f22c802a2846e4706f1389367e82116ea753c05290f605aa94b0244",
                "sha256:727aabfc43af8dd643aaf64a61d0740020c14d07b51e43389717c1e66231ec12",
                "sha256:7364163544d24dc3bc6d7e67d90b26113594f4b0c8d72116d3e4036bc06bb20a",
                "sha256:74f28e6b847c9d0af96e6f5f01b33b55286d3c2aae77f61e7d9a2b5d5d512784",
                "sha256:7fd59122e42f8421145e63fe7af81b5fb366ed044f299320fd491334f6a5e0c0",
                "sha256:84a8c8ea753f389930d4666e23087d78244ba3480474143aafba88cefe7472c1",
                "sha256:85179a4cd47836394115ea32fa173fda9ddcdb50bc4c3318ddeae4e1ca3a1525",
                "sha256:8799fc1555497be25d654096a18ef79811e98ce1e1be3048ddda2f2f5a84edd2",
                "sha256:8956814d5b67000c74876666f381cc685825816f3609e3398a0c87cf19bb9f10",
                "sha256:8f3796d378ee9712daebd32c38e317fbcc6c14c10e29087feb093a4a7b4f6a4e",
                "sha256:a2eabb5b2319d5c53bd09af7abb1dc5f1fc58c2ece9b6864a71ea1037637ba5b",
                "sha256:a4770a727b75adb214f64946cd428fc82df56fb29405b4551a3b2c8831423421",
                "sha256:a5ccd10bb3c3014084f1f74b0658cab9863cfb7c9a0527863567e0f4882684a3",
                "sha256:a7136f7b802d81fb05faaa4878c248815fa7860febc9502caa202bde6b041bdf",
                "sha256:aa07d4c4f24d84f3d879406873931afb06afa765e82bd0660269c56136790f24",
                "sha256:b164fce8baff955c65982fe7dce553d58e68ddd253a368541ea14b59b636c0a0",
                "sha256:b3a7b5ea1485b513de4851380d41d03e22a885bd8a52a615e687ef951d50a66e",
                "sha256:b4538571935d388c188f8bbcab1d462d67e5a21733e8e2ae632cbde4a2e65a95",
                "sha256:b598a5aa9f8a15860f03c24d656b31965dc4cc237a8e030991749e9444bca4a2",
                "sha256:c15507985f175e07858c33b51d04adc69138588046b0e4ee6bc126403e631000",
                "sha256:c5b6818151c117a923fc4823d6cedffa1ffbd57ba0fbaf84a6f126d6a4859bf2",
                "sha256:c66d359424aa2ab6ed73422f52e1b5646d1d2ddf67984462587b7d80bd0e992e",
                "sha256:c688a6af9613c246e91066296c21f9c32137c4d781070e7ea5e8f5a8793530b1",
                "sha256:d10ce717b04afb93fa56f83e1820bc050cbfe53c8f34095066cf060b772fec0d",
                "sha256:d409dc986018432c02f61de47e644a69f94fb6bf12569c08a04d34783e3141a1",
                "sha256:dd42c4aef5c3705596316f23c9cbdb0ca3dfacfba659b794044ed249a613ca99",
                "sha256:dff0d0626f1ea602a80c28e553b966713d147a93b5a31db75b43c8ad52a2529c",
                "sha256:e1945abec8d71e2db13eb8e821eea0179905f0ec0199451f9f0b1fc5917b5849",
                "sha256:f4004f85408c0ab21479754807deed1f6df389d6596fc21d60b9d7cdc61c57c8"
            ],
            "version": "==2.0.1"
        },
        "cryptography": {
            "hashes": [
                "sha256:0c608ff4d4adad9e39b5057de43657515c7da1ccb1807c3a27d4cf31fc923b4b",
                "sha256:0cbfed8ea74631fe4de00630f4bb592dad564d57f73150d6f6796a24e76c76cd",
                "sha256:124af7255ffc8e964d9ff26971b3a6153e1a8a220b9a685dc407976ecb27a06a",
                "sha256:384d7c681b1ab904fff3400a6909261cae1d0939cc483a68bdedab282fb89a07",
                "sha256:45741f5499150593178fc98d2c1a9c6722df88b99c821ad6ae298eff0ba1ae71",
                "sha256:4b9303507254ccb1181d1803a2080a798910ba89b1a3c9f53639885c90f7a756",
                "sha256:4d355f2aee4a29063c10164b032d9fa8a82e2c30768737a2fd56d256146ad559",
                "sha256:51e40123083d2f946794f9fe4adeeee2922b581fa3602128ce85ff813d85b81f",
                "sha256:8713ddb888119b0d2a1462357d5946b8911be01ddbf31451e1d07eaa5077a261",
                "sha256:8e924dbc025206e97756e8903039662aa58aa9ba357d8e1d8fc29e3092322053",
                "sha256:8ecef21ac982aa78309bb6f092d1677812927e8b5ef204a10c326fc29f1367e2",
                "sha256:8ecf9400d0893836ff41b6f977a33972145a855b6efeb605b49ee273c5e6469f",
                "sha256:9367d00e14dee8d02134c6c9524bb4bd39d4c162456343d07191e2a0b5ec8b3b",
                "sha256:a09fd9c1cca9a46b6ad4bea0a1f86ab1de3c0c932364dbcf9a6c2a5eeb44fa77",
                "sha256:ab49edd5bea8d8b39a44b3db618e4783ef84c19c8b47286bf05dfdb3efb01c83",
                "sha256:bea0b0468f89cdea625bb3f692cd7a4222d80a6bdafd6fb923963f2b9da0e15f",
                "sha256:bec7568c6970b865f2bcebbe84d547c52bb2abadf74cefce396ba07571109c67",
                "sha256:ce82cc06588e5cbc2a7df3c8a9c778f2cb722f56835a23a68b5a7264726bb00c",
                "sha256:dea0ba7fe6f9461d244679efa968d215ea1f989b9c1957d7f10c21e5c7c09ad6"
            ],
            "markers": "python_version >= '2.7' and python_version not in '3.0, 3.1, 3.2, 3.3, 3.4'",
            "version": "==3.0"
        },
        "cycler": {
            "hashes": [
                "sha256:1d8a5ae1ff6c5cf9b93e8811e581232ad8920aeec647c37316ceac982b08cb2d",
                "sha256:cd7b2d1018258d7247a71425e9f26463dfb444d411c39569972f4ce586b0c9d8"
            ],
            "version": "==0.10.0"
        },
        "idna": {
            "hashes": [
                "sha256:b307872f855b18632ce0c21c5e45be78c0ea7ae4c15c828c20788b26921eb3f6",
                "sha256:b97d804b1e9b523befed77c48dacec60e6dcb0b5391d57af6a65a312a90648c0"
            ],
            "markers": "python_version >= '2.7' and python_version not in '3.0, 3.1, 3.2, 3.3'",
            "version": "==2.10"
        },
        "imutils": {
            "hashes": [
                "sha256:857af6169d90e4a0a814130b9b107f5d611150ce440107e1c1233521c6fb1e2b"
            ],
            "index": "pypi",
            "version": "==0.5.3"
        },
        "joblib": {
            "hashes": [
                "sha256:8f52bf24c64b608bf0b2563e0e47d6fcf516abc8cfafe10cfd98ad66d94f92d6",
                "sha256:d348c5d4ae31496b2aa060d6d9b787864dd204f9480baaa52d18850cb43e9f49"
            ],
            "markers": "python_version >= '3.6'",
            "version": "==0.16.0"
        },
        "kiwisolver": {
            "hashes": [
                "sha256:03662cbd3e6729f341a97dd2690b271e51a67a68322affab12a5b011344b973c",
                "sha256:18d749f3e56c0480dccd1714230da0f328e6e4accf188dd4e6884bdd06bf02dd",
                "sha256:247800260cd38160c362d211dcaf4ed0f7816afb5efe56544748b21d6ad6d17f",
                "sha256:38d05c9ecb24eee1246391820ed7137ac42a50209c203c908154782fced90e44",
                "sha256:443c2320520eda0a5b930b2725b26f6175ca4453c61f739fef7a5847bd262f74",
                "sha256:4eadb361baf3069f278b055e3bb53fa189cea2fd02cb2c353b7a99ebb4477ef1",
                "sha256:556da0a5f60f6486ec4969abbc1dd83cf9b5c2deadc8288508e55c0f5f87d29c",
                "sha256:603162139684ee56bcd57acc74035fceed7dd8d732f38c0959c8bd157f913fec",
                "sha256:60a78858580761fe611d22127868f3dc9f98871e6fdf0a15cc4203ed9ba6179b",
                "sha256:63f55f490b958b6299e4e5bdac66ac988c3d11b7fafa522800359075d4fa56d1",
                "sha256:7cc095a4661bdd8a5742aaf7c10ea9fac142d76ff1770a0f84394038126d8fc7",
                "sha256:be046da49fbc3aa9491cc7296db7e8d27bcf0c3d5d1a40259c10471b014e4e0c",
                "sha256:c31bc3c8e903d60a1ea31a754c72559398d91b5929fcb329b1c3a3d3f6e72113",
                "sha256:c955791d80e464da3b471ab41eb65cf5a40c15ce9b001fdc5bbc241170de58ec",
                "sha256:d069ef4b20b1e6b19f790d00097a5d5d2c50871b66d10075dab78938dc2ee2cf",
                "sha256:d52b989dc23cdaa92582ceb4af8d5bcc94d74b2c3e64cd6785558ec6a879793e",
                "sha256:e586b28354d7b6584d8973656a7954b1c69c93f708c0c07b77884f91640b7657",
                "sha256:efcf3397ae1e3c3a4a0a0636542bcad5adad3b1dd3e8e629d0b6e201347176c8",
                "sha256:fccefc0d36a38c57b7bd233a9b485e2f1eb71903ca7ad7adacad6c28a56d62d2"
            ],
            "markers": "python_version >= '3.6'",
            "version": "==1.2.0"
        },
        "matplotlib": {
            "hashes": [
                "sha256:0dc15e1ad84ec06bf0c315e6c4c2cced13a21ce4c2b4955bb75097064a4b1e92",
                "sha256:1507c2a8e4662f6fa1d3ecc760782b158df8a3244ecc21c1d8dbb1cd0b3f872e",
                "sha256:1f9cf2b8500b833714a193cb24281153f5072d55b2e486009f1e81f0b7da3410",
                "sha256:282f8a077a1217f9f2ac178596f27c1ae94abbc6e7b785e1b8f25e83918e9199",
                "sha256:2c3619ec2a5ead430a4536ebf8c77ea55d8ce36418919f831d35bc657ed5f27e",
                "sha256:636c6330a7dcb18bac114dbeaff314fbbb0c11682f9a9601de69a50e331d18d7",
                "sha256:6739b6cd9278d5cb337df0bd4400ad37bbd04c6dc7aa2c65e1e83a02bc4cc6fd",
                "sha256:73a493e340064e8fe03207d9333b68baca30d9f0da543ae4af6b6b4f13f0fe05",
                "sha256:79f0c4730ad422ecb6bda814c9a9b375df36d6bd5a49eaa14e92e5f5e3e95ac3",
                "sha256:83ae7261f4d5ab387be2caee29c4f499b1566f31c8ac97a0b8ab61afd9e3da92",
                "sha256:87f53bcce90772f942c2db56736788b39332d552461a5cb13f05ff45c1680f0e",
                "sha256:88c6ab4a32a7447dad236b8371612aaba5c967d632ff11999e0478dd687f2c58",
                "sha256:96a5e667308dbf45670370d9dffb974e73b15bac0df0b5f3fb0b0ac7a572290e",
                "sha256:9703bc00a94a94c4e94b2ea0fbfbc9d2bb21159733134639fd931b6606c5c47e",
                "sha256:bd8fceaa3494b531d43b6206966ba15705638137fc2dc5da5ee560cf9476867b",
                "sha256:cc2d6b47c8fee89da982a312b54949ec0cd6a7976a8cafb5b62dea6c9883a14d",
                "sha256:e4d6d3afc454b4afc0d9d0ed52a8fa40a1b0d8f33c8e143e49a5833a7e32266b",
                "sha256:ffbae66e2db70dc330cb3299525f97e1c0efdfc763e04e1a4e08f968c7ad21f0"
            ],
            "index": "pypi",
            "version": "==3.3.1"
        },
        "multidict": {
            "hashes": [
                "sha256:1ece5a3369835c20ed57adadc663400b5525904e53bae59ec854a5d36b39b21a",
                "sha256:275ca32383bc5d1894b6975bb4ca6a7ff16ab76fa622967625baeebcf8079000",
                "sha256:3750f2205b800aac4bb03b5ae48025a64e474d2c6cc79547988ba1d4122a09e2",
                "sha256:4538273208e7294b2659b1602490f4ed3ab1c8cf9dbdd817e0e9db8e64be2507",
                "sha256:5141c13374e6b25fe6bf092052ab55c0c03d21bd66c94a0e3ae371d3e4d865a5",
                "sha256:51a4d210404ac61d32dada00a50ea7ba412e6ea945bbe992e4d7a595276d2ec7",
                "sha256:5cf311a0f5ef80fe73e4f4c0f0998ec08f954a6ec72b746f3c179e37de1d210d",
                "sha256:6513728873f4326999429a8b00fc7ceddb2509b01d5fd3f3be7881a257b8d463",
                "sha256:7388d2ef3c55a8ba80da62ecfafa06a1c097c18032a501ffd4cabbc52d7f2b19",
                "sha256:9456e90649005ad40558f4cf51dbb842e32807df75146c6d940b6f5abb4a78f3",
                "sha256:c026fe9a05130e44157b98fea3ab12969e5b60691a276150db9eda71710cd10b",
                "sha256:d14842362ed4cf63751648e7672f7174c9818459d169231d03c56e84daf90b7c",
                "sha256:e0d072ae0f2a179c375f67e3da300b47e1a83293c554450b29c900e50afaae87",
                "sha256:f07acae137b71af3bb548bd8da720956a3bc9f9a0b87733e0899226a2317aeb7",
                "sha256:fbb77a75e529021e7c4a8d4e823d88ef4d23674a202be4f5addffc72cbb91430",
                "sha256:fcfbb44c59af3f8ea984de67ec7c306f618a3ec771c2843804069917a8f2e255",
                "sha256:feed85993dbdb1dbc29102f50bca65bdc68f2c0c8d352468c25b54874f23c39d"
            ],
            "markers": "python_version >= '3.5'",
            "version": "==4.7.6"
        },
        "netifaces": {
            "hashes": [
                "sha256:078986caf4d6a602a4257d3686afe4544ea74362b8928e9f4389b5cd262bc215",
                "sha256:0c4304c6d5b33fbd9b20fdc369f3a2fef1a8bbacfb6fd05b9708db01333e9e7b",
                "sha256:2dee9ffdd16292878336a58d04a20f0ffe95555465fee7c9bd23b3490ef2abf3",
                "sha256:3095218b66d359092b82f07c5422293c2f6559cf8d36b96b379cc4cdc26eeffa",
                "sha256:30ed89ab8aff715caf9a9d827aa69cd02ad9f6b1896fd3fb4beb998466ed9a3c",
                "sha256:4921ed406386246b84465950d15a4f63480c1458b0979c272364054b29d73084",
                "sha256:563a1a366ee0fb3d96caab79b7ac7abd2c0a0577b157cc5a40301373a0501f89",
                "sha256:5b3167f923f67924b356c1338eb9ba275b2ba8d64c7c2c47cf5b5db49d574994",
                "sha256:6d84e50ec28e5d766c9911dce945412dc5b1ce760757c224c71e1a9759fa80c2",
                "sha256:755050799b5d5aedb1396046f270abfc4befca9ccba3074f3dbbb3cb34f13aae",
                "sha256:75d3a4ec5035db7478520ac547f7c176e9fd438269e795819b67223c486e5cbe",
                "sha256:7a25a8e28281504f0e23e181d7a9ed699c72f061ca6bdfcd96c423c2a89e75fc",
                "sha256:7cc6fd1eca65be588f001005446a47981cbe0b2909f5be8feafef3bf351a4e24",
                "sha256:86b8a140e891bb23c8b9cb1804f1475eb13eea3dbbebef01fcbbf10fbafbee42",
                "sha256:ad10acab2ef691eb29a1cc52c3be5ad1423700e993cc035066049fa72999d0dc",
                "sha256:b2ff3a0a4f991d2da5376efd3365064a43909877e9fabfa801df970771161d29",
                "sha256:b47e8f9ff6846756be3dc3fb242ca8e86752cd35a08e06d54ffc2e2a2aca70ea",
                "sha256:da298241d87bcf468aa0f0705ba14572ad296f24c4fda5055d6988701d6fd8e1",
                "sha256:db881478f1170c6dd524175ba1c83b99d3a6f992a35eca756de0ddc4690a1940",
                "sha256:f0427755c68571df37dc58835e53a4307884a48dec76f3c01e33eb0d4a3a81d7",
                "sha256:f8885cc48c8c7ad51f36c175e462840f163cb4687eeb6c6d7dfaf7197308e36b",
                "sha256:f911b7f0083d445c8d24cfa5b42ad4996e33250400492080f5018a28c026db2b"
            ],
            "version": "==0.10.9"
        },
        "numpy": {
            "hashes": [
                "sha256:082f8d4dd69b6b688f64f509b91d482362124986d98dc7dc5f5e9f9b9c3bb983",
                "sha256:1bc0145999e8cb8aed9d4e65dd8b139adf1919e521177f198529687dbf613065",
                "sha256:309cbcfaa103fc9a33ec16d2d62569d541b79f828c382556ff072442226d1968",
                "sha256:3673c8b2b29077f1b7b3a848794f8e11f401ba0b71c49fbd26fb40b71788b132",
                "sha256:480fdd4dbda4dd6b638d3863da3be82873bba6d32d1fc12ea1b8486ac7b8d129",
                "sha256:56ef7f56470c24bb67fb43dae442e946a6ce172f97c69f8d067ff8550cf782ff",
                "sha256:5a936fd51049541d86ccdeef2833cc89a18e4d3808fe58a8abeb802665c5af93",
                "sha256:5b6885c12784a27e957294b60f97e8b5b4174c7504665333c5e94fbf41ae5d6a",
                "sha256:667c07063940e934287993366ad5f56766bc009017b4a0fe91dbd07960d0aba7",
                "sha256:7ed448ff4eaffeb01094959b19cbaf998ecdee9ef9932381420d514e446601cd",
                "sha256:8343bf67c72e09cfabfab55ad4a43ce3f6bf6e6ced7acf70f45ded9ebb425055",
                "sha256:92feb989b47f83ebef246adabc7ff3b9a59ac30601c3f6819f8913458610bdcc",
                "sha256:935c27ae2760c21cd7354402546f6be21d3d0c806fffe967f745d5f2de5005a7",
                "sha256:aaf42a04b472d12515debc621c31cf16c215e332242e7a9f56403d814c744624",
                "sha256:b12e639378c741add21fbffd16ba5ad25c0a1a17cf2b6fe4288feeb65144f35b",
                "sha256:b1cca51512299841bf69add3b75361779962f9cee7d9ee3bb446d5982e925b69",
                "sha256:b8456987b637232602ceb4d663cb34106f7eb780e247d51a260b84760fd8f491",
                "sha256:b9792b0ac0130b277536ab8944e7b754c69560dac0415dd4b2dbd16b902c8954",
                "sha256:c9591886fc9cbe5532d5df85cb8e0cc3b44ba8ce4367bd4cf1b93dc19713da72",
                "sha256:cf1347450c0b7644ea142712619533553f02ef23f92f781312f6a3553d031fc7",
                "sha256:de8b4a9b56255797cbddb93281ed92acbc510fb7b15df3f01bd28f46ebc4edae",
                "sha256:e1b1dc0372f530f26a03578ac75d5e51b3868b9b76cd2facba4c9ee0eb252ab1",
                "sha256:e45f8e981a0ab47103181773cc0a54e650b2aef8c7b6cd07405d0fa8d869444a",
                "sha256:e4f6d3c53911a9d103d8ec9518190e52a8b945bab021745af4939cfc7c0d4a9e",
                "sha256:ed8a311493cf5480a2ebc597d1e177231984c818a86875126cfd004241a73c3e",
                "sha256:ef71a1d4fd4858596ae80ad1ec76404ad29701f8ca7cdcebc50300178db14dfc"
            ],
            "index": "pypi",
            "version": "==1.19.1"
        },
        "opencv-contrib-python": {
            "hashes": [
                "sha256:02124417f74405aa00165b9a14631b035a36a31edaa3fa559935ea87a8aedfb9",
                "sha256:0b03fde302b1deef5030695f0d0b192e0a7e9d139f1781330e73966c641672f8",
                "sha256:10ac01b1d6120a082ad04fe51833de9aa637fa8e1d6520ace76fe83ebcc0ad0a",
                "sha256:13e5ac15e59b0b9989936ecf7fe8aa13278266ca16011daa54ad1b0ceae71769",
                "sha256:2de2e537bd7cd6c242172685070997ba0ae38d5b54a7e4b08c071ffe5c5ae241",
                "sha256:2ded27cf6f133bc35b45513d80ab0d2de5fc9404f6b0546d9699c81d4ca5aacb",
                "sha256:3c2b756ad74a5d3f6e677a5c4512cc0c290f05f594ec4d4efacb11ea570ecfd9",
                "sha256:421a6a38654cde42d862c244962226b13959b4d6eb82fabc51792ffacb7bcbb9",
                "sha256:48641c7a9b718b717360d7f49be978c37aefbf8eb85e6bbb6a852bf3639870bc",
                "sha256:8b135266799dbc20dbcbd331ae217c72c2c323aefb41492fe596bb95b4ee2664",
                "sha256:8cd28ef7b57d24287948f7fa91dada92930ec2bf359917a75bb3d85e53dc5b6b",
                "sha256:ac10e2b5aef18f7f1a2c585b26230e244e82ec722b6b407ea2bdc6da467ed492",
                "sha256:ba40e895eca26841cd283f19466a524511b79ae214f31df9d715a6c315707892",
                "sha256:d1efa8ce8bef26ff46ae2b2f171e2dac62b9f1b6df2ddc5548b45e17ee2547a8",
                "sha256:d56c83f6707d00d6ed9d3ff28bdcc3ed67b52ee36defe85a2b738de2589cb0c4",
                "sha256:dbf92a6bf045cfbef7542826d4184a0eb1cbb8127e245353fdfc1f73af9c44cb",
                "sha256:e1f2100eefa37d008b6bd489c11055e36c43fe6b424582acd381d4c7e908652f",
                "sha256:ef903d174857670f31a3b7b17c7eb0ae8abe64e8e79df0e3d1f211b4d0524151",
                "sha256:fb05a4a44824f7a4900ac8a8d7ee8d37ef158ca8bddbec3e4d4a39e1a1fb344c",
                "sha256:fef7cf32f453e094ed399c1721bc43b51b1dcfcdf4fa6d76222d00e817f2ad96"
            ],
            "index": "pypi",
            "version": "==4.4.0.42"
        },
        "opencv-python": {
            "hashes": [
                "sha256:0039506845d7076e6871c0075227881a84de69799d70ed37c8704d203b740911",
                "sha256:02f7e31c710a7c82229fc4ad98e7e4cf265d19ab52b4451cbe7e33a840fe6595",
                "sha256:093c1bfa6da24a9d4dde2d54a22b9acfb46f5cb2c50d7387356cf897f0db0ab9",
                "sha256:17663f0469b2944b7d4051d4b1c425235d153777f17310c6990370bbb4d12695",
                "sha256:177f14625ea164f38b5b6f5c2b316f8ff8163e996cc0432de90f475956a9069a",
                "sha256:324a2c680caae9edbd843a355a2e03792cbd23faf6c24c20dd594fa9aac80765",
                "sha256:34d0d2c9a80c02d55f83a67c29fc4145a9dcf1fe3ddef0535d0b0d9c7b89b8d2",
                "sha256:505bd984aae24c489910bbd168e515580d62bc1dbdd5ee36f2c2d42803c4b795",
                "sha256:608dae0444065669fc26fa6bf1653072e40735b33dfa514c74a6165563a99e97",
                "sha256:78a0796ec15d1b41f5a87c41f339356eb04858749c8845936be532cb3436f898",
                "sha256:80a51a797f71ee4a401d281749bb096370007202204bbcd1ecfc9ead58bd3b0b",
                "sha256:a35b3a3540623090ba5fdad7ed97d0d75ca80ee55f5d7c1cecddda723665c0f8",
                "sha256:a6e1d065a45ec1bf466f47bdf767e0505b244c9470140cf8bab1dd8835f0d3ee",
                "sha256:b3ae62990faebefbc3cbc5430f7b6de57bafdcf297134113a9c6d6ccfce4438f",
                "sha256:bcb24c4f82fa79f049db4bfd0da1d18a315da66a55aa3d4cde81d1ec18f0a7ff",
                "sha256:cb00bbd41268f5fa0fa327ca30f7621a8ece983e0d8ae472e2ffe7ab1617606f",
                "sha256:ccd92a126d253c7bd65b36184fe097a0eea77da4d72d427e1630633bc586233e",
                "sha256:d19cbbcdc05caf7b41e28898f05c076c94b07647b4556c8327663a40acd4e3bd",
                "sha256:f5b82cd49b560e004608ca53ce625e5167b41f0fdc610758d6989083e26b5a03",
                "sha256:fae421571a7709ae0baa9bfd08177165bc1d56d7c79c806d12627d58a6faf2d1",
                "sha256:fec63240ea3179a2b4176a3256a99682129d75450a15bf2807904600ec64b45a"
            ],
            "index": "pypi",
            "version": "==4.4.0.42"
        },
        "pillow": {
            "hashes": [
                "sha256:0295442429645fa16d05bd567ef5cff178482439c9aad0411d3f0ce9b88b3a6f",
                "sha256:06aba4169e78c439d528fdeb34762c3b61a70813527a2c57f0540541e9f433a8",
                "sha256:09d7f9e64289cb40c2c8d7ad674b2ed6105f55dc3b09aa8e4918e20a0311e7ad",
                "sha256:0a80dd307a5d8440b0a08bd7b81617e04d870e40a3e46a32d9c246e54705e86f",
                "sha256:1ca594126d3c4def54babee699c055a913efb01e106c309fa6b04405d474d5ae",
                "sha256:25930fadde8019f374400f7986e8404c8b781ce519da27792cbe46eabec00c4d",
                "sha256:431b15cffbf949e89df2f7b48528be18b78bfa5177cb3036284a5508159492b5",
                "sha256:52125833b070791fcb5710fabc640fc1df07d087fc0c0f02d3661f76c23c5b8b",
                "sha256:5e51ee2b8114def244384eda1c82b10e307ad9778dac5c83fb0943775a653cd8",
                "sha256:612cfda94e9c8346f239bf1a4b082fdd5c8143cf82d685ba2dba76e7adeeb233",
                "sha256:6d7741e65835716ceea0fd13a7d0192961212fd59e741a46bbed7a473c634ed6",
                "sha256:6edb5446f44d901e8683ffb25ebdfc26988ee813da3bf91e12252b57ac163727",
                "sha256:725aa6cfc66ce2857d585f06e9519a1cc0ef6d13f186ff3447ab6dff0a09bc7f",
                "sha256:8dad18b69f710bf3a001d2bf3afab7c432785d94fcf819c16b5207b1cfd17d38",
                "sha256:94cf49723928eb6070a892cb39d6c156f7b5a2db4e8971cb958f7b6b104fb4c4",
                "sha256:97f9e7953a77d5a70f49b9a48da7776dc51e9b738151b22dacf101641594a626",
                "sha256:9ad7f865eebde135d526bb3163d0b23ffff365cf87e767c649550964ad72785d",
                "sha256:9c87ef410a58dd54b92424ffd7e28fd2ec65d2f7fc02b76f5e9b2067e355ebf6",
                "sha256:a060cf8aa332052df2158e5a119303965be92c3da6f2d93b6878f0ebca80b2f6",
                "sha256:c79f9c5fb846285f943aafeafda3358992d64f0ef58566e23484132ecd8d7d63",
                "sha256:c92302a33138409e8f1ad16731568c55c9053eee71bb05b6b744067e1b62380f",
                "sha256:d08b23fdb388c0715990cbc06866db554e1822c4bdcf6d4166cf30ac82df8c41",
                "sha256:d350f0f2c2421e65fbc62690f26b59b0bcda1b614beb318c81e38647e0f673a1",
                "sha256:e901964262a56d9ea3c2693df68bc9860b8bdda2b04768821e4c44ae797de117",
                "sha256:ec29604081f10f16a7aea809ad42e27764188fc258b02259a03a8ff7ded3808d",
                "sha256:edf31f1150778abd4322444c393ab9c7bd2af271dd4dafb4208fb613b1f3cdc9",
                "sha256:f7e30c27477dffc3e85c2463b3e649f751789e0f6c8456099eea7ddd53be4a8a",
                "sha256:ffe538682dc19cc542ae7c3e504fdf54ca7f86fb8a135e59dd6bc8627eae6cce"
            ],
            "markers": "python_version >= '3.5'",
            "version": "==7.2.0"
        },
        "pycparser": {
            "hashes": [
                "sha256:2d475327684562c3a96cc71adf7dc8c4f0565175cf86b6d7a404ff4c771f15f0",
                "sha256:7582ad22678f0fcd81102833f60ef8d0e57288b6b5fb00323d101be910e35705"
            ],
            "markers": "python_version >= '2.7' and python_version not in '3.0, 3.1, 3.2, 3.3'",
            "version": "==2.20"
        },
        "pyee": {
            "hashes": [
                "sha256:a0fee808414a4fc077d81be80dfe785879430b03101088747714c045292751c0",
                "sha256:c908d1ecb32918bbf7dbb895a093153b0ca1ed8f04fc067d98bd4c5917aeb3d8"
            ],
            "version": "==7.0.2"
        },
        "pylibsrtp": {
            "hashes": [
                "sha256:05db3efdfa4eee7d937de291438aa7582a35be11b15a8a5af523302518483d38",
                "sha256:099250642c00c072f4895220042ad6e11b8932b20599ab7398e959035b93dec4",
                "sha256:133a0d88354c7779605f9386636ccff8d7d373f3e24183b72315d1c259810017",
                "sha256:1f20773a4e15c805d66aae9129e1b74ff4fcf06ff07e868b1dc34bf068b97b52",
                "sha256:2e5f17bd0c60a4ddae91ed2f6116a6e776b997c488eb1c4cd06091b33a5cbfc3",
                "sha256:3c47d5ccc87d25bb9d9271533063cf9bf5056dc7e8a6d7c5eafcf04597806fe0",
                "sha256:5d4d212d6c90bfc9976ffd74b66dee003273b6badb75a9f5cd502c23f9b58ee6",
                "sha256:5ef1e051bfd4b59d7495541bbec4d9d6cfd2b74d762943c63358c811892dbb8e",
                "sha256:706e3dd7637dda92880e35dd7c20d532a30a8ef18715e1339e72ed201573233e",
                "sha256:7c1a20b751a984a6dfdf2c9e9ce5b0be572bd058c357a820b35568a16499e019",
                "sha256:88d0599af067f1f031253cb858a4533c99d742e75df8993bfd4f7cddd47a2a15",
                "sha256:904f5b9eb8de4c85d5214742ad602bd42528d3dce2779168307b83609a65cc8c",
                "sha256:9a68c3f63665dfca7aa024018f6c2836f048314f0e160ce583f8dec8e3e428ca",
                "sha256:a1ecf2f04bb5b25b67f5b41882dd999c9577842536878f41f980f5142646f698",
                "sha256:aca96394af234eccc279ad020f0a021832873967b0cba31da2cdb7b95122439a",
                "sha256:af28819aa9c3ddd6c85e1abe9abc739a5fb596cf2e932f50b17df02313f2b75b",
                "sha256:b2f95c6153eb05da981267c3d7fdea793807960cb823d6a9d7e88dd42a484498",
                "sha256:bca9061bfe3f6c439d1380530e9174eca94ae3be11f162b4aca91737685712c0",
                "sha256:c9f4e7335fc28bea9f0212707a726e0a5437ebbd0484b16cad1510a26093496f",
                "sha256:cf11c75dac9344c42937ba0cf89b613a0a2682abb4a02153378cf18cec5e03fd",
                "sha256:d365d496ea986e1917ec51f0271d21d593c1cc2aca0fb0e5e048df8dcaa0c87b",
                "sha256:e128a6e0344a7ec1fbbbf54b2287ae3944bd98740e12c2db0fccebdaedf6d847",
                "sha256:f06b4fa7e6cedb1050ace08e3e5d378b32924e63c79b70877cafc42190facfcb"
            ],
            "version": "==0.6.6"
        },
        "pyparsing": {
            "hashes": [
                "sha256:c203ec8783bf771a155b207279b9bccb8dea02d8f0c9e5f8ead507bc3246ecc1",
                "sha256:ef9d7589ef3c200abe66653d3f1ab1033c3c419ae9b9bdb1240a85b024efc88b"
            ],
            "markers": "python_version >= '2.6' and python_version not in '3.0, 3.1, 3.2, 3.3'",
            "version": "==2.4.7"
        },
        "python-dateutil": {
            "hashes": [
                "sha256:73ebfe9dbf22e832286dafa60473e4cd239f8592f699aa5adaf10050e6e1823c",
                "sha256:75bb3f31ea686f1197762692a9ee6a7550b59fc6ca3a1f4b5d7e32fb98e2da2a"
            ],
            "markers": "python_version >= '2.7' and python_version not in '3.0, 3.1, 3.2, 3.3'",
            "version": "==2.8.1"
        },
        "scikit-learn": {
            "hashes": [
                "sha256:0a127cc70990d4c15b1019680bfedc7fec6c23d14d3719fdf9b64b22d37cdeca",
                "sha256:0d39748e7c9669ba648acf40fb3ce96b8a07b240db6888563a7cb76e05e0d9cc",
                "sha256:1b8a391de95f6285a2f9adffb7db0892718950954b7149a70c783dc848f104ea",
                "sha256:20766f515e6cd6f954554387dfae705d93c7b544ec0e6c6a5d8e006f6f7ef480",
                "sha256:2aa95c2f17d2f80534156215c87bee72b6aa314a7f8b8fe92a2d71f47280570d",
                "sha256:5ce7a8021c9defc2b75620571b350acc4a7d9763c25b7593621ef50f3bd019a2",
                "sha256:6c28a1d00aae7c3c9568f61aafeaad813f0f01c729bee4fd9479e2132b215c1d",
                "sha256:7671bbeddd7f4f9a6968f3b5442dac5f22bf1ba06709ef888cc9132ad354a9ab",
                "sha256:914ac2b45a058d3f1338d7736200f7f3b094857758895f8667be8a81ff443b5b",
                "sha256:98508723f44c61896a4e15894b2016762a55555fbf09365a0bb1870ecbd442de",
                "sha256:a64817b050efd50f9abcfd311870073e500ae11b299683a519fbb52d85e08d25",
                "sha256:cb3e76380312e1f86abd20340ab1d5b3cc46a26f6593d3c33c9ea3e4c7134028",
                "sha256:d0dcaa54263307075cb93d0bee3ceb02821093b1b3d25f66021987d305d01dce",
                "sha256:d9a1ce5f099f29c7c33181cc4386660e0ba891b21a60dc036bf369e3a3ee3aec",
                "sha256:da8e7c302003dd765d92a5616678e591f347460ac7b53e53d667be7dfe6d1b10",
                "sha256:daf276c465c38ef736a79bd79fc80a249f746bcbcae50c40945428f7ece074f8"
            ],
            "index": "pypi",
            "version": "==0.23.2"
        },
        "scipy": {
            "hashes": [
                "sha256:066c513d90eb3fd7567a9e150828d39111ebd88d3e924cdfc9f8ce19ab6f90c9",
                "sha256:07e52b316b40a4f001667d1ad4eb5f2318738de34597bd91537851365b6c61f1",
                "sha256:0a0e9a4e58a4734c2eba917f834b25b7e3b6dc333901ce7784fd31aefbd37b2f",
                "sha256:1c7564a4810c1cd77fcdee7fa726d7d39d4e2695ad252d7c86c3ea9d85b7fb8f",
                "sha256:315aa2165aca31375f4e26c230188db192ed901761390be908c9b21d8b07df62",
                "sha256:6e86c873fe1335d88b7a4bfa09d021f27a9e753758fd75f3f92d714aa4093768",
                "sha256:8e28e74b97fc8d6aa0454989db3b5d36fc27e69cef39a7ee5eaf8174ca1123cb",
                "sha256:92eb04041d371fea828858e4fff182453c25ae3eaa8782d9b6c32b25857d23bc",
                "sha256:a0afbb967fd2c98efad5f4c24439a640d39463282040a88e8e928db647d8ac3d",
                "sha256:a785409c0fa51764766840185a34f96a0a93527a0ff0230484d33a8ed085c8f8",
                "sha256:cca9fce15109a36a0a9f9cfc64f870f1c140cb235ddf27fe0328e6afb44dfed0",
                "sha256:d56b10d8ed72ec1be76bf10508446df60954f08a41c2d40778bc29a3a9ad9bce",
                "sha256:dac09281a0eacd59974e24525a3bc90fa39b4e95177e638a31b14db60d3fa806",
                "sha256:ec5fe57e46828d034775b00cd625c4a7b5c7d2e354c3b258d820c6c72212a6ec",
                "sha256:eecf40fa87eeda53e8e11d265ff2254729d04000cd40bae648e76ff268885d66",
                "sha256:fc98f3eac993b9bfdd392e675dfe19850cc8c7246a8fd2b42443e506344be7d9"
            ],
            "index": "pypi",
            "version": "==1.5.2"
        },
        "six": {
            "hashes": [
                "sha256:30639c035cdb23534cd4aa2dd52c3bf48f06e5f4a941509c8bafd8ce11080259",
                "sha256:8b74bedcbbbaca38ff6d7491d76f2b06b3592611af620f8426e82dddb04a5ced"
            ],
            "markers": "python_version >= '2.7' and python_version not in '3.0, 3.1, 3.2, 3.3'",
            "version": "==1.15.0"
        },
        "threadpoolctl": {
            "hashes": [
                "sha256:38b74ca20ff3bb42caca8b00055111d74159ee95c4370882bbff2b93d24da725",
                "sha256:ddc57c96a38beb63db45d6c159b5ab07b6bced12c45a1f07b2b92f272aebfa6b"
            ],
            "markers": "python_version >= '3.5'",
            "version": "==2.1.0"
        },
        "typing-extensions": {
            "hashes": [
                "sha256:6e95524d8a547a91e08f404ae485bbb71962de46967e1b71a0cb89af24e761c5",
                "sha256:79ee589a3caca649a9bfd2a8de4709837400dfa00b6cc81962a1e6a1815969ae",
                "sha256:f8d2bd89d25bc39dabe7d23df520442fa1d8969b82544370e03d88b5a591c392"
            ],
            "markers": "python_version < '3.8'",
            "version": "==3.7.4.2"
        },
        "yarl": {
            "hashes": [
                "sha256:040b237f58ff7d800e6e0fd89c8439b841f777dd99b4a9cca04d6935564b9409",
                "sha256:17668ec6722b1b7a3a05cc0167659f6c95b436d25a36c2d52db0eca7d3f72593",
                "sha256:3a584b28086bc93c888a6c2aa5c92ed1ae20932f078c46509a66dce9ea5533f2",
                "sha256:4439be27e4eee76c7632c2427ca5e73703151b22cae23e64adb243a9c2f565d8",
                "sha256:48e918b05850fffb070a496d2b5f97fc31d15d94ca33d3d08a4f86e26d4e7c5d",
                "sha256:9102b59e8337f9874638fcfc9ac3734a0cfadb100e47d55c20d0dc6087fb4692",
                "sha256:9b930776c0ae0c691776f4d2891ebc5362af86f152dd0da463a6614074cb1b02",
                "sha256:b3b9ad80f8b68519cc3372a6ca85ae02cc5a8807723ac366b53c0f089db19e4a",
                "sha256:bc2f976c0e918659f723401c4f834deb8a8e7798a71be4382e024bcc3f7e23a8",
                "sha256:c22c75b5f394f3d47105045ea551e08a3e804dc7e01b37800ca35b58f856c3d6",
                "sha256:c52ce2883dc193824989a9b97a76ca86ecd1fa7955b14f87bf367a61b6232511",
                "sha256:ce584af5de8830d8701b8979b18fcf450cef9a382b1a3c8ef189bedc408faf1e",
                "sha256:da456eeec17fa8aa4594d9a9f27c0b1060b6a75f2419fe0c00609587b2695f4a",
                "sha256:db6db0f45d2c63ddb1a9d18d1b9b22f308e52c83638c26b422d520a815c4b3fb",
                "sha256:df89642981b94e7db5596818499c4b2219028f2a528c9c37cc1de45bf2fd3a3f",
                "sha256:f18d68f2be6bf0e89f1521af2b1bb46e66ab0018faafa81d70f358153170a317",
                "sha256:f379b7f83f23fe12823085cd6b906edc49df969eb99757f58ff382349a3303c6"
            ],
            "markers": "python_version >= '3.5'",
            "version": "==1.5.1"
        }
    },
    "develop": {}
}
